
Microsoft Visual Studio Solution File, Format Version 12.00
# Visual Studio 14
VisualStudioVersion = 14.0.25420.1
MinimumVisualStudioVersion = 10.0.40219.1
Project("{FAE04EC0-301F-11D3-BF4B-00C04F79EFBC}") = "HR_Web", "HR_Web\HR_Web.csproj", "{13D427CA-86D0-4838-9218-34F47F393859}"
EndProject
Project("{FAE04EC0-301F-11D3-BF4B-00C04F79EFBC}") = "Service", "Service\Service.csproj", "{58449181-8E60-40E3-A285-14023FCC301F}"
EndProject
Project("{FAE04EC0-301F-11D3-BF4B-00C04F79EFBC}") = "Models", "Models\Models.csproj", "{C7DBE5FD-4974-4B63-AD77-8DFBC25B9A27}"
EndProject
Project("{FAE04EC0-301F-11D3-BF4B-00C04F79EFBC}") = "Repository", "Repository\Repository.csproj", "{F224AC85-77B0-4B7B-8169-6A30A5C1E55A}"
EndProject
Project("{FAE04EC0-301F-11D3-BF4B-00C04F79EFBC}") = "Data", "Data\Data.csproj", "{8E1CE289-9863-44A0-997F-AA9FB8534C36}"
EndProject
Project("{FAE04EC0-301F-11D3-BF4B-00C04F79EFBC}") = "Core", "Core\Core.csproj", "{83DDA84A-0DB7-4126-84FC-D0615FBA3F93}"
EndProject
Project("{2150E333-8FDC-42A3-9474-1A3956D46DE8}") = ".nuget", ".nuget", "{D07777A0-612F-4591-BC72-689B8E879F7E}"
	ProjectSection(SolutionItems) = preProject
		.nuget\NuGet.Config = .nuget\NuGet.Config
		.nuget\NuGet.targets = .nuget\NuGet.targets
	EndProjectSection
EndProject
Global
	GlobalSection(SolutionConfigurationPlatforms) = preSolution
		Beta|Any CPU = Beta|Any CPU
		Debug|Any CPU = Debug|Any CPU
		Release|Any CPU = Release|Any CPU
	EndGlobalSection
	GlobalSection(ProjectConfigurationPlatforms) = postSolution
		{13D427CA-86D0-4838-9218-34F47F393859}.Beta|Any CPU.ActiveCfg = Beta|Any CPU
		{13D427CA-86D0-4838-9218-34F47F393859}.Beta|Any CPU.Build.0 = Beta|Any CPU
		{13D427CA-86D0-4838-9218-34F47F393859}.Debug|Any CPU.ActiveCfg = Debug|Any CPU
		{13D427CA-86D0-4838-9218-34F47F393859}.Debug|Any CPU.Build.0 = Debug|Any CPU
		{13D427CA-86D0-4838-9218-34F47F393859}.Release|Any CPU.ActiveCfg = Release|Any CPU
		{13D427CA-86D0-4838-9218-34F47F393859}.Release|Any CPU.Build.0 = Release|Any CPU
		{58449181-8E60-40E3-A285-14023FCC301F}.Beta|Any CPU.ActiveCfg = Beta|Any CPU
		{58449181-8E60-40E3-A285-14023FCC301F}.Beta|Any CPU.Build.0 = Beta|Any CPU
		{58449181-8E60-40E3-A285-14023FCC301F}.Debug|Any CPU.ActiveCfg = Debug|Any CPU
		{58449181-8E60-40E3-A285-14023FCC301F}.Debug|Any CPU.Build.0 = Debug|Any CPU
		{58449181-8E60-40E3-A285-14023FCC301F}.Release|Any CPU.ActiveCfg = Release|Any CPU
		{58449181-8E60-40E3-A285-14023FCC301F}.Release|Any CPU.Build.0 = Release|Any CPU
		{C7DBE5FD-4974-4B63-AD77-8DFBC25B9A27}.Beta|Any CPU.ActiveCfg = Beta|Any CPU
		{C7DBE5FD-4974-4B63-AD77-8DFBC25B9A27}.Beta|Any CPU.Build.0 = Beta|Any CPU
		{C7DBE5FD-4974-4B63-AD77-8DFBC25B9A27}.Debug|Any CPU.ActiveCfg = Debug|Any CPU
		{C7DBE5FD-4974-4B63-AD77-8DFBC25B9A27}.Debug|Any CPU.Build.0 = Debug|Any CPU
		{C7DBE5FD-4974-4B63-AD77-8DFBC25B9A27}.Release|Any CPU.ActiveCfg = Release|Any CPU
		{C7DBE5FD-4974-4B63-AD77-8DFBC25B9A27}.Release|Any CPU.Build.0 = Release|Any CPU
		{F224AC85-77B0-4B7B-8169-6A30A5C1E55A}.Beta|Any CPU.ActiveCfg = Beta|Any CPU
		{F224AC85-77B0-4B7B-8169-6A30A5C1E55A}.Beta|Any CPU.Build.0 = Beta|Any CPU
		{F224AC85-77B0-4B7B-8169-6A30A5C1E55A}.Debug|Any CPU.ActiveCfg = Debug|Any CPU
		{F224AC85-77B0-4B7B-8169-6A30A5C1E55A}.Debug|Any CPU.Build.0 = Debug|Any CPU
		{F224AC85-77B0-4B7B-8169-6A30A5C1E55A}.Release|Any CPU.ActiveCfg = Release|Any CPU
		{F224AC85-77B0-4B7B-8169-6A30A5C1E55A}.Release|Any CPU.Build.0 = Release|Any CPU
		{8E1CE289-9863-44A0-997F-AA9FB8534C36}.Beta|Any CPU.ActiveCfg = Beta|Any CPU
		{8E1CE289-9863-44A0-997F-AA9FB8534C36}.Beta|Any CPU.Build.0 = Beta|Any CPU
		{8E1CE289-9863-44A0-997F-AA9FB8534C36}.Debug|Any CPU.ActiveCfg = Debug|Any CPU
		{8E1CE289-9863-44A0-997F-AA9FB8534C36}.Debug|Any CPU.Build.0 = Debug|Any CPU
		{8E1CE289-9863-44A0-997F-AA9FB8534C36}.Release|Any CPU.ActiveCfg = Release|Any CPU
		{8E1CE289-9863-44A0-997F-AA9FB8534C36}.Release|Any CPU.Build.0 = Release|Any CPU
		{83DDA84A-0DB7-4126-84FC-D0615FBA3F93}.Beta|Any CPU.ActiveCfg = Beta|Any CPU
		{83DDA84A-0DB7-4126-84FC-D0615FBA3F93}.Beta|Any CPU.Build.0 = Beta|Any CPU
		{83DDA84A-0DB7-4126-84FC-D0615FBA3F93}.Debug|Any CPU.ActiveCfg = Debug|Any CPU
		{83DDA84A-0DB7-4126-84FC-D0615FBA3F93}.Debug|Any CPU.Build.0 = Debug|Any CPU
		{83DDA84A-0DB7-4126-84FC-D0615FBA3F93}.Release|Any CPU.ActiveCfg = Release|Any CPU
		{83DDA84A-0DB7-4126-84FC-D0615FBA3F93}.Release|Any CPU.Build.0 = Release|Any CPU
	EndGlobalSection
	GlobalSection(SolutionProperties) = preSolution
		HideSolutionNode = FALSE
	EndGlobalSection
EndGlobal
