
Microsoft Visual Studio Solution File, Format Version 12.00
# Visual Studio 2013
VisualStudioVersion = 12.0.40629.0
MinimumVisualStudioVersion = 10.0.40219.1
Project("{FAE04EC0-301F-11D3-BF4B-00C04F79EFBC}") = "TestService", "TestService\TestService.csproj", "{82CA1556-1D91-4094-AFC9-B8BE242100D1}"
EndProject
Project("{FAE04EC0-301F-11D3-BF4B-00C04F79EFBC}") = "UtilityDataSync", "UtilityDataSync\UtilityDataSync.csproj", "{5FC8735D-5D7D-43B4-83AC-13348F404476}"
EndProject
Project("{FAE04EC0-301F-11D3-BF4B-00C04F79EFBC}") = "UtilityDataSyncLibrary", "UtilityDataSyncLibrary\UtilityDataSyncLibrary.csproj", "{87BABABB-B055-41F3-95DE-8FA80271C6FE}"
EndProject
Project("{2150E333-8FDC-42A3-9474-1A3956D46DE8}") = ".nuget", ".nuget", "{98CEE2DE-1404-4F5A-9B43-73793FEDD24F}"
	ProjectSection(SolutionItems) = preProject
		.nuget\NuGet.Config = .nuget\NuGet.Config
		.nuget\NuGet.exe = .nuget\NuGet.exe
		.nuget\NuGet.targets = .nuget\NuGet.targets
	EndProjectSection
EndProject
Global
	GlobalSection(SolutionConfigurationPlatforms) = preSolution
		Debug|Any CPU = Debug|Any CPU
		Release|Any CPU = Release|Any CPU
	EndGlobalSection
	GlobalSection(ProjectConfigurationPlatforms) = postSolution
		{82CA1556-1D91-4094-AFC9-B8BE242100D1}.Debug|Any CPU.ActiveCfg = Debug|Any CPU
		{82CA1556-1D91-4094-AFC9-B8BE242100D1}.Debug|Any CPU.Build.0 = Debug|Any CPU
		{82CA1556-1D91-4094-AFC9-B8BE242100D1}.Release|Any CPU.ActiveCfg = Release|Any CPU
		{82CA1556-1D91-4094-AFC9-B8BE242100D1}.Release|Any CPU.Build.0 = Release|Any CPU
		{5FC8735D-5D7D-43B4-83AC-13348F404476}.Debug|Any CPU.ActiveCfg = Debug|Any CPU
		{5FC8735D-5D7D-43B4-83AC-13348F404476}.Debug|Any CPU.Build.0 = Debug|Any CPU
		{5FC8735D-5D7D-43B4-83AC-13348F404476}.Release|Any CPU.ActiveCfg = Release|Any CPU
		{5FC8735D-5D7D-43B4-83AC-13348F404476}.Release|Any CPU.Build.0 = Release|Any CPU
		{87BABABB-B055-41F3-95DE-8FA80271C6FE}.Debug|Any CPU.ActiveCfg = Debug|Any CPU
		{87BABABB-B055-41F3-95DE-8FA80271C6FE}.Debug|Any CPU.Build.0 = Debug|Any CPU
		{87BABABB-B055-41F3-95DE-8FA80271C6FE}.Release|Any CPU.ActiveCfg = Release|Any CPU
		{87BABABB-B055-41F3-95DE-8FA80271C6FE}.Release|Any CPU.Build.0 = Release|Any CPU
	EndGlobalSection
	GlobalSection(SolutionProperties) = preSolution
		HideSolutionNode = FALSE
	EndGlobalSection
EndGlobal
