
Microsoft Visual Studio Solution File, Format Version 12.00
# Visual Studio 2013
VisualStudioVersion = 12.0.40629.0
MinimumVisualStudioVersion = 10.0.40219.1
Project("{FAE04EC0-301F-11D3-BF4B-00C04F79EFBC}") = "Silicus.UtilityContainer.Models", "Common.Utility.Dashboard.Models\Silicus.UtilityContainer.Models.csproj", "{D5A36DCC-FAEB-46BD-BC1C-C24E18D9E587}"
EndProject
Project("{FAE04EC0-301F-11D3-BF4B-00C04F79EFBC}") = "Silicus.UtilityContainer.Entities", "Common.Utility.Dashboard.Entities\Silicus.UtilityContainer.Entities.csproj", "{D4055F95-9DC1-4188-B532-626A8C86BFED}"
EndProject
Project("{FAE04EC0-301F-11D3-BF4B-00C04F79EFBC}") = "Silicus.UtilityContainer.Services", "Silicus.CommonUtility.Service\Silicus.UtilityContainer.Services.csproj", "{34ECB52F-33C2-4A55-887F-8E1188850292}"
EndProject
Project("{FAE04EC0-301F-11D3-BF4B-00C04F79EFBC}") = "Silicus.UtilityContainer.Web", "Silicus.CommonUtility.Web\Silicus.UtilityContainer.Web.csproj", "{161D6CBD-78D3-469A-A40D-96B5DD8B71BD}"
EndProject
Project("{2150E333-8FDC-42A3-9474-1A3956D46DE8}") = ".nuget", ".nuget", "{E6A0338F-B670-4E36-BF18-7B5BAA2F2FD0}"
	ProjectSection(SolutionItems) = preProject
		.nuget\NuGet.Config = .nuget\NuGet.Config
		.nuget\NuGet.exe = .nuget\NuGet.exe
		.nuget\NuGet.targets = .nuget\NuGet.targets
	EndProjectSection
EndProject
Project("{FAE04EC0-301F-11D3-BF4B-00C04F79EFBC}") = "Silicus.UtilityContainer.Security", "Silicus.UtilityContainer.Security\Silicus.UtilityContainer.Security.csproj", "{5394C1EB-8F58-468F-AA02-A0E863141F45}"
EndProject
Global
	GlobalSection(SolutionConfigurationPlatforms) = preSolution
		Debug|Any CPU = Debug|Any CPU
		Release|Any CPU = Release|Any CPU
	EndGlobalSection
	GlobalSection(ProjectConfigurationPlatforms) = postSolution
		{D5A36DCC-FAEB-46BD-BC1C-C24E18D9E587}.Debug|Any CPU.ActiveCfg = Debug|Any CPU
		{D5A36DCC-FAEB-46BD-BC1C-C24E18D9E587}.Debug|Any CPU.Build.0 = Debug|Any CPU
		{D5A36DCC-FAEB-46BD-BC1C-C24E18D9E587}.Release|Any CPU.ActiveCfg = Release|Any CPU
		{D5A36DCC-FAEB-46BD-BC1C-C24E18D9E587}.Release|Any CPU.Build.0 = Release|Any CPU
		{D4055F95-9DC1-4188-B532-626A8C86BFED}.Debug|Any CPU.ActiveCfg = Debug|Any CPU
		{D4055F95-9DC1-4188-B532-626A8C86BFED}.Debug|Any CPU.Build.0 = Debug|Any CPU
		{D4055F95-9DC1-4188-B532-626A8C86BFED}.Release|Any CPU.ActiveCfg = Release|Any CPU
		{D4055F95-9DC1-4188-B532-626A8C86BFED}.Release|Any CPU.Build.0 = Release|Any CPU
		{34ECB52F-33C2-4A55-887F-8E1188850292}.Debug|Any CPU.ActiveCfg = Debug|Any CPU
		{34ECB52F-33C2-4A55-887F-8E1188850292}.Debug|Any CPU.Build.0 = Debug|Any CPU
		{34ECB52F-33C2-4A55-887F-8E1188850292}.Release|Any CPU.ActiveCfg = Release|Any CPU
		{34ECB52F-33C2-4A55-887F-8E1188850292}.Release|Any CPU.Build.0 = Release|Any CPU
		{161D6CBD-78D3-469A-A40D-96B5DD8B71BD}.Debug|Any CPU.ActiveCfg = Debug|Any CPU
		{161D6CBD-78D3-469A-A40D-96B5DD8B71BD}.Debug|Any CPU.Build.0 = Debug|Any CPU
		{161D6CBD-78D3-469A-A40D-96B5DD8B71BD}.Release|Any CPU.ActiveCfg = Release|Any CPU
		{161D6CBD-78D3-469A-A40D-96B5DD8B71BD}.Release|Any CPU.Build.0 = Release|Any CPU
		{5394C1EB-8F58-468F-AA02-A0E863141F45}.Debug|Any CPU.ActiveCfg = Debug|Any CPU
		{5394C1EB-8F58-468F-AA02-A0E863141F45}.Debug|Any CPU.Build.0 = Debug|Any CPU
		{5394C1EB-8F58-468F-AA02-A0E863141F45}.Release|Any CPU.ActiveCfg = Release|Any CPU
		{5394C1EB-8F58-468F-AA02-A0E863141F45}.Release|Any CPU.Build.0 = Release|Any CPU
	EndGlobalSection
	GlobalSection(SolutionProperties) = preSolution
		HideSolutionNode = FALSE
	EndGlobalSection
EndGlobal
