
Microsoft Visual Studio Solution File, Format Version 12.00
# Visual Studio 14
VisualStudioVersion = 14.0.25123.0
MinimumVisualStudioVersion = 10.0.40219.1
Project("{FAE04EC0-301F-11D3-BF4B-00C04F79EFBC}") = "Silicus.UtilityContainer.Models", "Silicus.UtilityContainer.Models\Silicus.UtilityContainer.Models.csproj", "{D5A36DCC-FAEB-46BD-BC1C-C24E18D9E587}"
EndProject
Project("{FAE04EC0-301F-11D3-BF4B-00C04F79EFBC}") = "Silicus.UtilityContainer.Entities", "Silicus.UtilityContainer.Entities\Silicus.UtilityContainer.Entities.csproj", "{D4055F95-9DC1-4188-B532-626A8C86BFED}"
EndProject
Project("{FAE04EC0-301F-11D3-BF4B-00C04F79EFBC}") = "Silicus.UtilityContainer.Services", "Silicus.UtilityContainer.Service\Silicus.UtilityContainer.Services.csproj", "{34ECB52F-33C2-4A55-887F-8E1188850292}"
EndProject
Project("{2150E333-8FDC-42A3-9474-1A3956D46DE8}") = ".nuget", ".nuget", "{E6A0338F-B670-4E36-BF18-7B5BAA2F2FD0}"
	ProjectSection(SolutionItems) = preProject
		.nuget\NuGet.Config = .nuget\NuGet.Config
		.nuget\NuGet.exe = .nuget\NuGet.exe
		.nuget\NuGet.targets = .nuget\NuGet.targets
	EndProjectSection
EndProject
Project("{FAE04EC0-301F-11D3-BF4B-00C04F79EFBC}") = "Silicus.UtilityContainer.Security", "Silicus.UtilityContainer.Security\Silicus.UtilityContainer.Security.csproj", "{5394C1EB-8F58-468F-AA02-A0E863141F45}"
EndProject
Project("{2150E333-8FDC-42A3-9474-1A3956D46DE8}") = "PublishScripts", "PublishScripts", "{DF75547E-E9DE-48FB-9B07-022478492F22}"
EndProject
Project("{2150E333-8FDC-42A3-9474-1A3956D46DE8}") = "Scripts", "Scripts", "{4C822D9E-935A-4FC7-B2BE-0787A076DD99}"
	ProjectSection(SolutionItems) = preProject
		PublishScripts\Scripts\Deploy-AzureResourceGroup-2.ps1 = PublishScripts\Scripts\Deploy-AzureResourceGroup-2.ps1
		PublishScripts\Scripts\Deploy-AzureResourceGroup-3.ps1 = PublishScripts\Scripts\Deploy-AzureResourceGroup-3.ps1
		PublishScripts\Scripts\Deploy-AzureResourceGroup.ps1 = PublishScripts\Scripts\Deploy-AzureResourceGroup.ps1
	EndProjectSection
EndProject
Project("{2150E333-8FDC-42A3-9474-1A3956D46DE8}") = "Templates", "Templates", "{F1B83592-18A1-46A6-9464-A0DEA0DD800C}"
	ProjectSection(SolutionItems) = preProject
		PublishScripts\Templates\SilicusUtilityContainerWeb-2.json = PublishScripts\Templates\SilicusUtilityContainerWeb-2.json
		PublishScripts\Templates\SilicusUtilityContainerWeb.json = PublishScripts\Templates\SilicusUtilityContainerWeb.json
		PublishScripts\Templates\SilicusUtilityContainerWeb.param.dev-2.json = PublishScripts\Templates\SilicusUtilityContainerWeb.param.dev-2.json
		PublishScripts\Templates\SilicusUtilityContainerWeb.param.dev.json = PublishScripts\Templates\SilicusUtilityContainerWeb.param.dev.json
		PublishScripts\Templates\SilicusUtilityContainerWithAzureAdWeb.json = PublishScripts\Templates\SilicusUtilityContainerWithAzureAdWeb.json
		PublishScripts\Templates\SilicusUtilityContainerWithAzureAdWeb.param.dev.json = PublishScripts\Templates\SilicusUtilityContainerWithAzureAdWeb.param.dev.json
	EndProjectSection
EndProject
Project("{FAE04EC0-301F-11D3-BF4B-00C04F79EFBC}") = "Silicus.UtilityContainer.Web", "Silicus.UtilityContainer.Web\Silicus.UtilityContainer.Web.csproj", "{CBDDAD3B-BDF4-4747-BAB8-DCE0379FA5C1}"
EndProject
Project("{FAE04EC0-301F-11D3-BF4B-00C04F79EFBC}") = "Silicus.UtilityContainer.HangFireBackgroundTasks", "Silicus.UtilityContainer.HangFireBackgroundTasks\Silicus.UtilityContainer.HangFireBackgroundTasks.csproj", "{B4C2BF2C-E119-4691-9923-0EDC24BD95E2}"
EndProject
Global
	GlobalSection(SolutionConfigurationPlatforms) = preSolution
		Debug|Any CPU = Debug|Any CPU
		Production|Any CPU = Production|Any CPU
		UAT|Any CPU = UAT|Any CPU
	EndGlobalSection
	GlobalSection(ProjectConfigurationPlatforms) = postSolution
		{D5A36DCC-FAEB-46BD-BC1C-C24E18D9E587}.Debug|Any CPU.ActiveCfg = Debug|Any CPU
		{D5A36DCC-FAEB-46BD-BC1C-C24E18D9E587}.Debug|Any CPU.Build.0 = Debug|Any CPU
		{D5A36DCC-FAEB-46BD-BC1C-C24E18D9E587}.Production|Any CPU.ActiveCfg = Production|Any CPU
		{D5A36DCC-FAEB-46BD-BC1C-C24E18D9E587}.Production|Any CPU.Build.0 = Production|Any CPU
		{D5A36DCC-FAEB-46BD-BC1C-C24E18D9E587}.UAT|Any CPU.ActiveCfg = UAT|Any CPU
		{D5A36DCC-FAEB-46BD-BC1C-C24E18D9E587}.UAT|Any CPU.Build.0 = UAT|Any CPU
		{D4055F95-9DC1-4188-B532-626A8C86BFED}.Debug|Any CPU.ActiveCfg = Debug|Any CPU
		{D4055F95-9DC1-4188-B532-626A8C86BFED}.Debug|Any CPU.Build.0 = Debug|Any CPU
		{D4055F95-9DC1-4188-B532-626A8C86BFED}.Production|Any CPU.ActiveCfg = Production|Any CPU
		{D4055F95-9DC1-4188-B532-626A8C86BFED}.Production|Any CPU.Build.0 = Production|Any CPU
		{D4055F95-9DC1-4188-B532-626A8C86BFED}.UAT|Any CPU.ActiveCfg = UAT|Any CPU
		{D4055F95-9DC1-4188-B532-626A8C86BFED}.UAT|Any CPU.Build.0 = UAT|Any CPU
		{34ECB52F-33C2-4A55-887F-8E1188850292}.Debug|Any CPU.ActiveCfg = Debug|Any CPU
		{34ECB52F-33C2-4A55-887F-8E1188850292}.Debug|Any CPU.Build.0 = Debug|Any CPU
		{34ECB52F-33C2-4A55-887F-8E1188850292}.Production|Any CPU.ActiveCfg = Production|Any CPU
		{34ECB52F-33C2-4A55-887F-8E1188850292}.Production|Any CPU.Build.0 = Production|Any CPU
		{34ECB52F-33C2-4A55-887F-8E1188850292}.UAT|Any CPU.ActiveCfg = UAT|Any CPU
		{34ECB52F-33C2-4A55-887F-8E1188850292}.UAT|Any CPU.Build.0 = UAT|Any CPU
		{5394C1EB-8F58-468F-AA02-A0E863141F45}.Debug|Any CPU.ActiveCfg = Debug|Any CPU
		{5394C1EB-8F58-468F-AA02-A0E863141F45}.Debug|Any CPU.Build.0 = Debug|Any CPU
		{5394C1EB-8F58-468F-AA02-A0E863141F45}.Production|Any CPU.ActiveCfg = Production|Any CPU
		{5394C1EB-8F58-468F-AA02-A0E863141F45}.Production|Any CPU.Build.0 = Production|Any CPU
		{5394C1EB-8F58-468F-AA02-A0E863141F45}.UAT|Any CPU.ActiveCfg = UAT|Any CPU
		{5394C1EB-8F58-468F-AA02-A0E863141F45}.UAT|Any CPU.Build.0 = UAT|Any CPU
		{CBDDAD3B-BDF4-4747-BAB8-DCE0379FA5C1}.Debug|Any CPU.ActiveCfg = Debug|Any CPU
		{CBDDAD3B-BDF4-4747-BAB8-DCE0379FA5C1}.Debug|Any CPU.Build.0 = Debug|Any CPU
		{CBDDAD3B-BDF4-4747-BAB8-DCE0379FA5C1}.Production|Any CPU.ActiveCfg = Production|Any CPU
		{CBDDAD3B-BDF4-4747-BAB8-DCE0379FA5C1}.Production|Any CPU.Build.0 = Production|Any CPU
		{CBDDAD3B-BDF4-4747-BAB8-DCE0379FA5C1}.UAT|Any CPU.ActiveCfg = UAT|Any CPU
		{CBDDAD3B-BDF4-4747-BAB8-DCE0379FA5C1}.UAT|Any CPU.Build.0 = UAT|Any CPU
		{B4C2BF2C-E119-4691-9923-0EDC24BD95E2}.Debug|Any CPU.ActiveCfg = Debug|Any CPU
		{B4C2BF2C-E119-4691-9923-0EDC24BD95E2}.Debug|Any CPU.Build.0 = Debug|Any CPU
		{B4C2BF2C-E119-4691-9923-0EDC24BD95E2}.Production|Any CPU.ActiveCfg = Production|Any CPU
		{B4C2BF2C-E119-4691-9923-0EDC24BD95E2}.Production|Any CPU.Build.0 = Production|Any CPU
		{B4C2BF2C-E119-4691-9923-0EDC24BD95E2}.UAT|Any CPU.ActiveCfg = UAT|Any CPU
		{B4C2BF2C-E119-4691-9923-0EDC24BD95E2}.UAT|Any CPU.Build.0 = UAT|Any CPU
	EndGlobalSection
	GlobalSection(SolutionProperties) = preSolution
		HideSolutionNode = FALSE
	EndGlobalSection
	GlobalSection(NestedProjects) = preSolution
		{4C822D9E-935A-4FC7-B2BE-0787A076DD99} = {DF75547E-E9DE-48FB-9B07-022478492F22}
		{F1B83592-18A1-46A6-9464-A0DEA0DD800C} = {DF75547E-E9DE-48FB-9B07-022478492F22}
	EndGlobalSection
EndGlobal
